
Microsoft Visual Studio Solution File, Format Version 12.00
# Visual Studio 2012
Project("{FAE04EC0-301F-11D3-BF4B-00C04F79EFBC}") = "ModelingFourEyes", "ModelingFourEyes\ModelingFourEyes.csproj", "{92B945DD-438F-4491-AEF9-26264DEBF86C}"
EndProject
Global
	GlobalSection(SolutionConfigurationPlatforms) = preSolution
		Debug|Any CPU = Debug|Any CPU
		Release|Any CPU = Release|Any CPU
	EndGlobalSection
	GlobalSection(ProjectConfigurationPlatforms) = postSolution
		{92B945DD-438F-4491-AEF9-26264DEBF86C}.Debug|Any CPU.ActiveCfg = Debug|Any CPU
		{92B945DD-438F-4491-AEF9-26264DEBF86C}.Debug|Any CPU.Build.0 = Debug|Any CPU
		{92B945DD-438F-4491-AEF9-26264DEBF86C}.Release|Any CPU.ActiveCfg = Release|Any CPU
		{92B945DD-438F-4491-AEF9-26264DEBF86C}.Release|Any CPU.Build.0 = Release|Any CPU
	EndGlobalSection
	GlobalSection(SolutionProperties) = preSolution
		HideSolutionNode = FALSE
	EndGlobalSection
EndGlobal
